<?xml version="1.0" encoding="utf-8"?>
<Project ToolsVersion="4.0" xmlns="http://schemas.microsoft.com/developer/msbuild/2003">
  <ItemGroup>
    <Filter Include="Header Files">
      <UniqueIdentifier>{93995380-89BD-4b04-88EB-625FBE52EBFB}</UniqueIdentifier>
      <Extensions>h;hh;hpp;hxx;h++;hm;inl;inc;ipp;xsd</Extensions>
    </Filter>
    <Filter Include="Resource Files">
      <UniqueIdentifier>{67DA6AB6-F800-4c08-8B7A-83BB121AAD01}</UniqueIdentifier>
      <Extensions>rc;ico;cur;bmp;dlg;rc2;rct;bin;rgs;gif;jpg;jpeg;jpe;resx;tiff;tif;png;wav;mfcribbon-ms</Extensions>
    </Filter>
    <Filter Include="Source Files">
      <UniqueIdentifier>{4FC737F1-C7A5-4376-A066-2A32D752A2FF}</UniqueIdentifier>
      <Extensions>cpp;c;cc;cxx;c++;cppm;ixx;def;odl;idl;hpj;bat;asm;asmx</Extensions>
    </Filter>
    <Filter Include="Item">
      <UniqueIdentifier>{d690c71b-7da3-478a-9e97-e165e8ad7c1e}</UniqueIdentifier>
    </Filter>
    <Filter Include="Object">
      <UniqueIdentifier>{9b4bd4a3-ea62-4a1a-aad7-511c89fb6026}</UniqueIdentifier>
    </Filter>
  </ItemGroup>
  <ItemGroup>
    <ClCompile Include="Temp_02.cpp">
      <Filter>Source Files</Filter>
    </ClCompile>
    <ClCompile Include="Button.cpp">
      <Filter>Source Files</Filter>
    </ClCompile>
    <ClCompile Include="Player.cpp">
      <Filter>Source Files</Filter>
    </ClCompile>
    <ClCompile Include="PlayerStatus.cpp">
      <Filter>Source Files</Filter>
    </ClCompile>
    <ClCompile Include="Item.cpp">
      <Filter>Item</Filter>
    </ClCompile>
    <ClCompile Include="Material.cpp">
      <Filter>Item</Filter>
    </ClCompile>
    <ClCompile Include="Wearable.cpp">
      <Filter>Item</Filter>
    </ClCompile>
    <ClCompile Include="Potion.cpp">
      <Filter>Item</Filter>
    </ClCompile>
    <ClCompile Include="Enchancer.cpp">
      <Filter>Item</Filter>
    </ClCompile>
    <ClCompile Include="Factory.cpp">
      <Filter>Source Files</Filter>
    </ClCompile>
  </ItemGroup>
  <ItemGroup>
    <ClInclude Include="Factory.h">
      <Filter>Source Files</Filter>
    </ClInclude>
    <ClInclude Include="Button.h">
      <Filter>Source Files</Filter>
    </ClInclude>
    <ClInclude Include="Flight.h">
      <Filter>Source Files</Filter>
    </ClInclude>
    <ClInclude Include="Player.h">
      <Filter>Source Files</Filter>
    </ClInclude>
    <ClInclude Include="ItemManager.h">
      <Filter>Source Files</Filter>
    </ClInclude>
    <ClInclude Include="PlayerStatus.h">
      <Filter>Source Files</Filter>
    </ClInclude>
    <ClInclude Include="Item.h">
      <Filter>Item</Filter>
    </ClInclude>
    <ClInclude Include="Wearable.h">
      <Filter>Item</Filter>
    </ClInclude>
    <ClInclude Include="Potion.h">
      <Filter>Item</Filter>
    </ClInclude>
    <ClInclude Include="Enchancer.h">
      <Filter>Item</Filter>
    </ClInclude>
    <ClInclude Include="Material.h">
      <Filter>Item</Filter>
    </ClInclude>
  </ItemGroup>
</Project>