<?xml version="1.0" encoding="utf-8"?>
<Project ToolsVersion="4.0" xmlns="http://schemas.microsoft.com/developer/msbuild/2003">
  <ItemGroup>
    <Filter Include="Source Files">
      <UniqueIdentifier>{4FC737F1-C7A5-4376-A066-2A32D752A2FF}</UniqueIdentifier>
      <Extensions>cpp;c;cc;cxx;c++;cppm;ixx;def;odl;idl;hpj;bat;asm;asmx</Extensions>
    </Filter>
    <Filter Include="Header Files">
      <UniqueIdentifier>{93995380-89BD-4b04-88EB-625FBE52EBFB}</UniqueIdentifier>
      <Extensions>h;hh;hpp;hxx;h++;hm;inl;inc;ipp;xsd</Extensions>
    </Filter>
    <Filter Include="Resource Files">
      <UniqueIdentifier>{67DA6AB6-F800-4c08-8B7A-83BB121AAD01}</UniqueIdentifier>
      <Extensions>rc;ico;cur;bmp;dlg;rc2;rct;bin;rgs;gif;jpg;jpeg;jpe;resx;tiff;tif;png;wav;mfcribbon-ms</Extensions>
    </Filter>
    <Filter Include="Header Files\Module">
      <UniqueIdentifier>{d10adfc9-27ca-4607-8d6a-690e08e68441}</UniqueIdentifier>
    </Filter>
    <Filter Include="Header Files\Utility">
      <UniqueIdentifier>{fa749ac2-e7b0-4747-9074-6e49e2c51c4e}</UniqueIdentifier>
    </Filter>
    <Filter Include="Header Files\Interface">
      <UniqueIdentifier>{aa09cab9-8eb5-4a05-852e-448fef1c9ec5}</UniqueIdentifier>
    </Filter>
    <Filter Include="Source Files\Module">
      <UniqueIdentifier>{81471502-b00d-4b0d-96cc-7f35f461960f}</UniqueIdentifier>
    </Filter>
    <Filter Include="Source Files\Utility">
      <UniqueIdentifier>{d99acfba-857a-43a7-824f-e2b50d168465}</UniqueIdentifier>
    </Filter>
    <Filter Include="Header Files\GameObject">
      <UniqueIdentifier>{a2e67a46-5f48-49c2-844f-2fc62f40be54}</UniqueIdentifier>
    </Filter>
    <Filter Include="Source Files\GameObject">
      <UniqueIdentifier>{3bbb9ceb-a3fb-4b5d-8446-c43303581642}</UniqueIdentifier>
    </Filter>
    <Filter Include="Header Files\GameObject\Button">
      <UniqueIdentifier>{f2b95610-edb9-4250-a7db-f7e78f12bbc5}</UniqueIdentifier>
    </Filter>
    <Filter Include="Header Files\Component">
      <UniqueIdentifier>{39439910-0e18-451f-a03d-7afb8fbfb490}</UniqueIdentifier>
    </Filter>
    <Filter Include="Header Files\Camera">
      <UniqueIdentifier>{6dabf009-0ded-4861-99ed-54988b4f5c77}</UniqueIdentifier>
    </Filter>
  </ItemGroup>
  <ItemGroup>
    <ClInclude Include="EndScene.h">
      <Filter>Header Files</Filter>
    </ClInclude>
    <ClInclude Include="TitleScene.h">
      <Filter>Header Files</Filter>
    </ClInclude>
    <ClInclude Include="AsepriteParser.h">
      <Filter>Header Files\Utility</Filter>
    </ClInclude>
    <ClInclude Include="AssetProvider.h">
      <Filter>Header Files\Utility</Filter>
    </ClInclude>
    <ClInclude Include="Dispatcher.h">
      <Filter>Header Files\Utility</Filter>
    </ClInclude>
    <ClInclude Include="json.hpp">
      <Filter>Header Files\Utility</Filter>
    </ClInclude>
    <ClInclude Include="pch.h">
      <Filter>Header Files\Utility</Filter>
    </ClInclude>
    <ClInclude Include="IAssetProvider.h">
      <Filter>Header Files\Interface</Filter>
    </ClInclude>
    <ClInclude Include="IListener.h">
      <Filter>Header Files\Interface</Filter>
    </ClInclude>
    <ClInclude Include="MouseListener.h">
      <Filter>Header Files\Interface</Filter>
    </ClInclude>
    <ClInclude Include="IScene.h">
      <Filter>Header Files\Interface</Filter>
    </ClInclude>
    <ClInclude Include="Scene.h">
      <Filter>Header Files\Interface</Filter>
    </ClInclude>
    <ClInclude Include="SceneInfo.h">
      <Filter>Header Files\Interface</Filter>
    </ClInclude>
    <ClInclude Include="Renderer.h">
      <Filter>Header Files\Module</Filter>
    </ClInclude>
    <ClInclude Include="ResourceManager.h">
      <Filter>Header Files\Module</Filter>
    </ClInclude>
    <ClInclude Include="SceneManager.h">
      <Filter>Header Files\Module</Filter>
    </ClInclude>
    <ClInclude Include="Timer.h">
      <Filter>Header Files\Module</Filter>
    </ClInclude>
    <ClInclude Include="WinD.h">
      <Filter>Header Files\Module</Filter>
    </ClInclude>
    <ClInclude Include="Core.h">
      <Filter>Header Files\Module</Filter>
    </ClInclude>
    <ClInclude Include="AnimationClip.h">
      <Filter>Header Files\Utility</Filter>
    </ClInclude>
    <ClInclude Include="InputManager.h">
      <Filter>Header Files\Module</Filter>
    </ClInclude>
    <ClInclude Include="PlayScene.h">
      <Filter>Header Files</Filter>
    </ClInclude>
    <ClInclude Include="Dummy.h">
      <Filter>Header Files\Utility</Filter>
    </ClInclude>
    <ClInclude Include="UI_Standard.h">
      <Filter>Header Files\GameObject</Filter>
    </ClInclude>
    <ClInclude Include="Flight.h">
      <Filter>Header Files\GameObject</Filter>
    </ClInclude>
    <ClInclude Include="Player.h">
      <Filter>Header Files\GameObject</Filter>
    </ClInclude>
    <ClInclude Include="Enemy.h">
      <Filter>Header Files\GameObject</Filter>
    </ClInclude>
    <ClInclude Include="KeyListener.h">
      <Filter>Header Files\Interface</Filter>
    </ClInclude>
    <ClInclude Include="Object.h">
      <Filter>Header Files\GameObject</Filter>
    </ClInclude>
    <ClInclude Include="Button.h">
      <Filter>Header Files\GameObject\Button</Filter>
    </ClInclude>
    <ClInclude Include="CallbackType.h">
      <Filter>Header Files\Utility</Filter>
    </ClInclude>
    <ClInclude Include="Transform.h">
      <Filter>Header Files\Component</Filter>
    </ClInclude>
    <ClInclude Include="Listener.h">
      <Filter>Header Files\Component</Filter>
    </ClInclude>
    <ClInclude Include="Component.h">
      <Filter>Header Files\Component</Filter>
    </ClInclude>
    <ClInclude Include="KeyListenerComponent.h">
      <Filter>Header Files\Component</Filter>
    </ClInclude>
    <ClInclude Include="MouseListenerComponent.h">
      <Filter>Header Files\Component</Filter>
    </ClInclude>
    <ClInclude Include="TMHelper.h">
      <Filter>Header Files\Utility</Filter>
    </ClInclude>
    <ClInclude Include="SimpleMathHelper.h">
      <Filter>Header Files\Utility</Filter>
    </ClInclude>
    <ClInclude Include="Camera2D.h">
      <Filter>Header Files\Camera</Filter>
    </ClInclude>
    <ClInclude Include="Collider.h">
      <Filter>Header Files\Component</Filter>
    </ClInclude>
  </ItemGroup>
  <ItemGroup>
    <ClCompile Include="PlayScene.cpp">
      <Filter>Source Files</Filter>
    </ClCompile>
    <ClCompile Include="TitleScene.cpp">
      <Filter>Source Files</Filter>
    </ClCompile>
    <ClCompile Include="Core.cpp">
      <Filter>Source Files\Module</Filter>
    </ClCompile>
    <ClCompile Include="E_MK_03.cpp">
      <Filter>Source Files\Module</Filter>
    </ClCompile>
    <ClCompile Include="InputManager.cpp">
      <Filter>Source Files\Module</Filter>
    </ClCompile>
    <ClCompile Include="Renderer.cpp">
      <Filter>Source Files\Module</Filter>
    </ClCompile>
    <ClCompile Include="ResourceManager.cpp">
      <Filter>Source Files\Module</Filter>
    </ClCompile>
    <ClCompile Include="WinD.cpp">
      <Filter>Source Files\Module</Filter>
    </ClCompile>
    <ClCompile Include="Timer.cpp">
      <Filter>Source Files\Module</Filter>
    </ClCompile>
    <ClCompile Include="AsepriteParser.cpp">
      <Filter>Source Files\Utility</Filter>
    </ClCompile>
    <ClCompile Include="Dummy.cpp">
      <Filter>Source Files\Utility</Filter>
    </ClCompile>
    <ClCompile Include="pch.cpp">
      <Filter>Source Files\Utility</Filter>
    </ClCompile>
    <ClCompile Include="EndScene.cpp">
      <Filter>Source Files</Filter>
    </ClCompile>
    <ClCompile Include="Button.cpp">
      <Filter>Source Files\GameObject</Filter>
    </ClCompile>
    <ClCompile Include="Scene.cpp">
      <Filter>Source Files</Filter>
    </ClCompile>
    <ClCompile Include="Player.cpp">
      <Filter>Source Files</Filter>
    </ClCompile>
    <ClCompile Include="Object.cpp">
      <Filter>Source Files\GameObject</Filter>
    </ClCompile>
    <ClCompile Include="Transform.cpp">
      <Filter>Header Files\Component</Filter>
    </ClCompile>
    <ClCompile Include="TMHelper.cpp">
      <Filter>Source Files\Utility</Filter>
    </ClCompile>
    <ClCompile Include="Camera2D.cpp">
      <Filter>Header Files\Camera</Filter>
    </ClCompile>
  </ItemGroup>
</Project>